
Microsoft Visual Studio Solution File, Format Version 12.00
# Visual Studio Version 16
VisualStudioVersion = 16.0.28803.352
MinimumVisualStudioVersion = 10.0.40219.1
Project("{9A19103F-16F7-4668-BE54-9A1E7A4F7556}") = "Mmu.Mlh.RestExtensions", "Sources\Application\Mmu.Mlh.RestExtensions.csproj", "{E9F25C14-D1B1-4FDE-9171-4A7DD5785650}"
EndProject
Project("{9A19103F-16F7-4668-BE54-9A1E7A4F7556}") = "Mmu.Mlh.RestExtensions.UnitTests", "Sources\UnitTests\Mmu.Mlh.RestExtensions.UnitTests.csproj", "{4788B8A0-42F5-4999-AA3A-D79B3E0FF746}"
EndProject
Project("{9A19103F-16F7-4668-BE54-9A1E7A4F7556}") = "Mmu.Mlh.RestExtensions.IntegrationTests", "Sources\IntegrationTests\Mmu.Mlh.RestExtensions.IntegrationTests.csproj", "{AC4BB4BB-85E7-4152-A7E8-8C100278012C}"
EndProject
Project("{9A19103F-16F7-4668-BE54-9A1E7A4F7556}") = "Mmu.Mlh.RestExtensions.BddTests", "Sources\BddTests\Mmu.Mlh.RestExtensions.BddTests.csproj", "{FE086E3D-54D9-483B-BC09-3323D56A53CE}"
EndProject
Project("{9A19103F-16F7-4668-BE54-9A1E7A4F7556}") = "Mmu.Mlh.RestExtensionsSimple", "Sources\RestExtensionsSimple\Mmu.Mlh.RestExtensionsSimple.csproj", "{BE8B4AC6-95DB-4D5F-BCDA-E06CAF62CDE8}"
EndProject
Project("{9A19103F-16F7-4668-BE54-9A1E7A4F7556}") = "Mmu.Mlh.RestExtensionsSimple.UnitTests", "Sources\RestExtensionsSimple.UnitTests\Mmu.Mlh.RestExtensionsSimple.UnitTests.csproj", "{E4EF9A3B-E88C-4FD3-A9FD-65E91706374F}"
EndProject
Project("{9A19103F-16F7-4668-BE54-9A1E7A4F7556}") = "Mmu.Mlh.RestExtensionsSimple.BddTests", "Sources\RestExtensionsSimple.BddTests\Mmu.Mlh.RestExtensionsSimple.BddTests.csproj", "{74F3EFC5-919F-4827-9A91-041C4D1EF741}"
EndProject
Global
	GlobalSection(SolutionConfigurationPlatforms) = preSolution
		Debug|Any CPU = Debug|Any CPU
		Release|Any CPU = Release|Any CPU
	EndGlobalSection
	GlobalSection(ProjectConfigurationPlatforms) = postSolution
		{E9F25C14-D1B1-4FDE-9171-4A7DD5785650}.Debug|Any CPU.ActiveCfg = Debug|Any CPU
		{E9F25C14-D1B1-4FDE-9171-4A7DD5785650}.Debug|Any CPU.Build.0 = Debug|Any CPU
		{E9F25C14-D1B1-4FDE-9171-4A7DD5785650}.Release|Any CPU.ActiveCfg = Release|Any CPU
		{E9F25C14-D1B1-4FDE-9171-4A7DD5785650}.Release|Any CPU.Build.0 = Release|Any CPU
		{4788B8A0-42F5-4999-AA3A-D79B3E0FF746}.Debug|Any CPU.ActiveCfg = Debug|Any CPU
		{4788B8A0-42F5-4999-AA3A-D79B3E0FF746}.Debug|Any CPU.Build.0 = Debug|Any CPU
		{4788B8A0-42F5-4999-AA3A-D79B3E0FF746}.Release|Any CPU.ActiveCfg = Release|Any CPU
		{4788B8A0-42F5-4999-AA3A-D79B3E0FF746}.Release|Any CPU.Build.0 = Release|Any CPU
		{AC4BB4BB-85E7-4152-A7E8-8C100278012C}.Debug|Any CPU.ActiveCfg = Debug|Any CPU
		{AC4BB4BB-85E7-4152-A7E8-8C100278012C}.Debug|Any CPU.Build.0 = Debug|Any CPU
		{AC4BB4BB-85E7-4152-A7E8-8C100278012C}.Release|Any CPU.ActiveCfg = Release|Any CPU
		{AC4BB4BB-85E7-4152-A7E8-8C100278012C}.Release|Any CPU.Build.0 = Release|Any CPU
		{FE086E3D-54D9-483B-BC09-3323D56A53CE}.Debug|Any CPU.ActiveCfg = Debug|Any CPU
		{FE086E3D-54D9-483B-BC09-3323D56A53CE}.Debug|Any CPU.Build.0 = Debug|Any CPU
		{FE086E3D-54D9-483B-BC09-3323D56A53CE}.Release|Any CPU.ActiveCfg = Release|Any CPU
		{FE086E3D-54D9-483B-BC09-3323D56A53CE}.Release|Any CPU.Build.0 = Release|Any CPU
		{BE8B4AC6-95DB-4D5F-BCDA-E06CAF62CDE8}.Debug|Any CPU.ActiveCfg = Debug|Any CPU
		{BE8B4AC6-95DB-4D5F-BCDA-E06CAF62CDE8}.Debug|Any CPU.Build.0 = Debug|Any CPU
		{BE8B4AC6-95DB-4D5F-BCDA-E06CAF62CDE8}.Release|Any CPU.ActiveCfg = Release|Any CPU
		{BE8B4AC6-95DB-4D5F-BCDA-E06CAF62CDE8}.Release|Any CPU.Build.0 = Release|Any CPU
		{E4EF9A3B-E88C-4FD3-A9FD-65E91706374F}.Debug|Any CPU.ActiveCfg = Debug|Any CPU
		{E4EF9A3B-E88C-4FD3-A9FD-65E91706374F}.Debug|Any CPU.Build.0 = Debug|Any CPU
		{E4EF9A3B-E88C-4FD3-A9FD-65E91706374F}.Release|Any CPU.ActiveCfg = Release|Any CPU
		{E4EF9A3B-E88C-4FD3-A9FD-65E91706374F}.Release|Any CPU.Build.0 = Release|Any CPU
		{74F3EFC5-919F-4827-9A91-041C4D1EF741}.Debug|Any CPU.ActiveCfg = Debug|Any CPU
		{74F3EFC5-919F-4827-9A91-041C4D1EF741}.Debug|Any CPU.Build.0 = Debug|Any CPU
		{74F3EFC5-919F-4827-9A91-041C4D1EF741}.Release|Any CPU.ActiveCfg = Release|Any CPU
		{74F3EFC5-919F-4827-9A91-041C4D1EF741}.Release|Any CPU.Build.0 = Release|Any CPU
	EndGlobalSection
	GlobalSection(SolutionProperties) = preSolution
		HideSolutionNode = FALSE
	EndGlobalSection
	GlobalSection(ExtensibilityGlobals) = postSolution
		SolutionGuid = {E1B91E1E-F2F2-4CF9-B588-6903F1D85A89}
	EndGlobalSection
EndGlobal
